# This file was autogenerated by uv via the following command:
#    uv export -o requirements-dev.lock --no-hashes
-e .
aiohappyeyeballs==2.6.1
    # via aiohttp
aiohttp==3.13.3
    # via turbopuffer
aiosignal==1.4.0
    # via aiohttp
anyio==4.12.1
    # via
    #   httpx
    #   turbopuffer
async-timeout==5.0.1 ; python_full_version < '3.11'
    # via aiohttp
attrs==25.4.0
    # via aiohttp
backports-asyncio-runner==1.2.0 ; python_full_version < '3.11'
    # via pytest-asyncio
certifi==2026.1.4
    # via
    #   httpcore
    #   httpx
colorama==0.4.6 ; sys_platform == 'win32'
    # via pytest
dirty-equals==0.11
distro==1.9.0
    # via turbopuffer
exceptiongroup==1.3.1 ; python_full_version < '3.11'
    # via
    #   anyio
    #   pytest
execnet==2.1.2
    # via pytest-xdist
frozenlist==1.8.0
    # via
    #   aiohttp
    #   aiosignal
h11==0.16.0
    # via httpcore
httpcore==1.0.9
    # via httpx
httpx==0.28.1
    # via
    #   respx
    #   turbopuffer
idna==3.11
    # via
    #   anyio
    #   httpx
    #   yarl
importlib-metadata==8.7.1
iniconfig==2.1.0 ; python_full_version < '3.10'
    # via pytest
iniconfig==2.3.0 ; python_full_version >= '3.10'
    # via pytest
markdown-it-py==3.0.0 ; python_full_version < '3.10'
    # via rich
markdown-it-py==4.0.0 ; python_full_version >= '3.10'
    # via rich
mdurl==0.1.2
    # via markdown-it-py
multidict==6.7.0
    # via
    #   aiohttp
    #   yarl
mypy==1.17.0
mypy-extensions==1.1.0
    # via mypy
nodeenv==1.10.0
    # via pyright
numpy==2.0.2 ; python_full_version < '3.10'
numpy==2.2.6 ; python_full_version == '3.10.*'
numpy==2.4.3 ; python_full_version >= '3.11'
orjson==3.11.5 ; python_full_version < '3.10'
    # via turbopuffer
orjson==3.11.7 ; python_full_version >= '3.10'
    # via turbopuffer
packaging==25.0
    # via pytest
pathspec==1.0.3
    # via mypy
pluggy==1.6.0
    # via pytest
propcache==0.4.1
    # via
    #   aiohttp
    #   yarl
pybase64==1.4.3
    # via turbopuffer
pydantic==1.10.26
    # via turbopuffer
pygments==2.19.2
    # via
    #   pytest
    #   rich
pyright==1.1.399
pytest==8.4.2 ; python_full_version < '3.10'
    # via
    #   pytest-asyncio
    #   pytest-xdist
pytest==9.0.2 ; python_full_version >= '3.10'
    # via
    #   pytest-asyncio
    #   pytest-xdist
pytest-asyncio==1.2.0 ; python_full_version < '3.10'
pytest-asyncio==1.3.0 ; python_full_version >= '3.10'
pytest-xdist==3.8.0
python-dateutil==2.9.0.post0 ; python_full_version < '3.10'
    # via time-machine
respx==0.22.0
rich==14.2.0
ruff==0.14.13
six==1.17.0 ; python_full_version < '3.10'
    # via python-dateutil
sniffio==1.3.1
    # via turbopuffer
time-machine==2.19.0 ; python_full_version < '3.10'
time-machine==3.2.0 ; python_full_version >= '3.10'
tomli==2.4.0 ; python_full_version < '3.11'
    # via
    #   mypy
    #   pytest
typing-extensions==4.15.0
    # via
    #   aiosignal
    #   anyio
    #   exceptiongroup
    #   multidict
    #   mypy
    #   pydantic
    #   pydantic-core
    #   pyright
    #   pytest-asyncio
    #   turbopuffer
    #   typing-inspection
yarl==1.22.0
    # via aiohttp
zipp==3.23.0
    # via importlib-metadata
